PODS:
  - Alamofire (4.7.0)
  - ReachabilitySwift (3)

DEPENDENCIES:
  - Alamofire (~> 4.0)
  - ReachabilitySwift (~> 3)

SPEC CHECKSUMS:
  Alamofire: 907e0a98eb68cdb7f9d1f541a563d6ac5dc77b25
  ReachabilitySwift: f5b9bb30a0777fac8f09ce8b067e32faeb29bb64

PODFILE CHECKSUM: 2e40d7c424b2f8c3d7f20a91349a2d17ddd90f6c

COCOAPODS: 1.4.0
